// !$*UTF8*$!
{
	archiveVersion = 1;
	classes = {
	};
	objectVersion = 50;
	objects = {

/* Begin PBXBuildFile section */
		80907787EBA5C7EF157EC243 /* libPods-DemoTestSettingTests.a in Frameworks */ = {isa = PBXBuildFile; fileRef = 10F1C410AFBFB1AFB4887918 /* libPods-DemoTestSettingTests.a */; };
		9150B59A9FF6255784808F5B /* libPods-DemoTestSettingUITests.a in Frameworks */ = {isa = PBXBuildFile; fileRef = 492908B2AEC78647B12E0D21 /* libPods-DemoTestSettingUITests.a */; };
		CC2C5B7C2164DF2900269AC0 /* AppDelegate.m in Sources */ = {isa = PBXBuildFile; fileRef = CC2C5B7B2164DF2900269AC0 /* AppDelegate.m */; };
		CC2C5B7F2164DF2900269AC0 /* ViewController.m in Sources */ = {isa = PBXBuildFile; fileRef = CC2C5B7E2164DF2900269AC0 /* ViewController.m */; };
		CC2C5B822164DF2900269AC0 /* Main.storyboard in Resources */ = {isa = PBXBuildFile; fileRef = CC2C5B802164DF2900269AC0 /* Main.storyboard */; };
		CC2C5B842164DF2A00269AC0 /* Assets.xcassets in Resources */ = {isa = PBXBuildFile; fileRef = CC2C5B832164DF2A00269AC0 /* Assets.xcassets */; };
		CC2C5B872164DF2A00269AC0 /* LaunchScreen.storyboard in Resources */ = {isa = PBXBuildFile; fileRef = CC2C5B852164DF2A00269AC0 /* LaunchScreen.storyboard */; };
		CC2C5B8A2164DF2A00269AC0 /* main.m in Sources */ = {isa = PBXBuildFile; fileRef = CC2C5B892164DF2A00269AC0 /* main.m */; };
		CC2C5B942164DF2A00269AC0 /* DemoTestSettingTests.m in Sources */ = {isa = PBXBuildFile; fileRef = CC2C5B932164DF2A00269AC0 /* DemoTestSettingTests.m */; };
		CC2C5B9F2164DF2A00269AC0 /* DemoTestSettingUITests.m in Sources */ = {isa = PBXBuildFile; fileRef = CC2C5B9E2164DF2A00269AC0 /* DemoTestSettingUITests.m */; };
		F8DF620AFF837F5E1D87EC63 /* libPods-DemoTestSetting.a in Frameworks */ = {isa = PBXBuildFile; fileRef = 28A2685D18DF409DEE616706 /* libPods-DemoTestSetting.a */; };
/* End PBXBuildFile section */

/* Begin PBXContainerItemProxy section */
		CC2C5B902164DF2A00269AC0 /* PBXContainerItemProxy */ = {
			isa = PBXContainerItemProxy;
			containerPortal = CC2C5B6F2164DF2900269AC0 /* Project object */;
			proxyType = 1;
			remoteGlobalIDString = CC2C5B762164DF2900269AC0;
			remoteInfo = DemoTestSetting;
		};
		CC2C5B9B2164DF2A00269AC0 /* PBXContainerItemProxy */ = {
			isa = PBXContainerItemProxy;
			containerPortal = CC2C5B6F2164DF2900269AC0 /* Project object */;
			proxyType = 1;
			remoteGlobalIDString = CC2C5B762164DF2900269AC0;
			remoteInfo = DemoTestSetting;
		};
/* End PBXContainerItemProxy section */

/* Begin PBXFileReference section */
		10F1C410AFBFB1AFB4887918 /* libPods-DemoTestSettingTests.a */ = {isa = PBXFileReference; explicitFileType = archive.ar; includeInIndex = 0; path = "libPods-DemoTestSettingTests.a"; sourceTree = BUILT_PRODUCTS_DIR; };
		28A2685D18DF409DEE616706 /* libPods-DemoTestSetting.a */ = {isa = PBXFileReference; explicitFileType = archive.ar; includeInIndex = 0; path = "libPods-DemoTestSetting.a"; sourceTree = BUILT_PRODUCTS_DIR; };
		492908B2AEC78647B12E0D21 /* libPods-DemoTestSettingUITests.a */ = {isa = PBXFileReference; explicitFileType = archive.ar; includeInIndex = 0; path = "libPods-DemoTestSettingUITests.a"; sourceTree = BUILT_PRODUCTS_DIR; };
		66A6AB35948AFDFA3493BD31 /* Pods-DemoTestSettingUITests.debug.xcconfig */ = {isa = PBXFileReference; includeInIndex = 1; lastKnownFileType = text.xcconfig; name = "Pods-DemoTestSettingUITests.debug.xcconfig"; path = "Pods/Target Support Files/Pods-DemoTestSettingUITests/Pods-DemoTestSettingUITests.debug.xcconfig"; sourceTree = "<group>"; };
		6C0437F8B13CA455014F479D /* Pods-DemoTestSettingUITests.release.xcconfig */ = {isa = PBXFileReference; includeInIndex = 1; lastKnownFileType = text.xcconfig; name = "Pods-DemoTestSettingUITests.release.xcconfig"; path = "Pods/Target Support Files/Pods-DemoTestSettingUITests/Pods-DemoTestSettingUITests.release.xcconfig"; sourceTree = "<group>"; };
		83635517039E42894D2FF042 /* Pods-DemoTestSetting.debug.xcconfig */ = {isa = PBXFileReference; includeInIndex = 1; lastKnownFileType = text.xcconfig; name = "Pods-DemoTestSetting.debug.xcconfig"; path = "Pods/Target Support Files/Pods-DemoTestSetting/Pods-DemoTestSetting.debug.xcconfig"; sourceTree = "<group>"; };
		936C556BA6A7CB90707BB1B1 /* Pods-DemoTestSettingTests.release.xcconfig */ = {isa = PBXFileReference; includeInIndex = 1; lastKnownFileType = text.xcconfig; name = "Pods-DemoTestSettingTests.release.xcconfig"; path = "Pods/Target Support Files/Pods-DemoTestSettingTests/Pods-DemoTestSettingTests.release.xcconfig"; sourceTree = "<group>"; };
		A2626961417A74462C690BD3 /* Pods-DemoTestSetting.release.xcconfig */ = {isa = PBXFileReference; includeInIndex = 1; lastKnownFileType = text.xcconfig; name = "Pods-DemoTestSetting.release.xcconfig"; path = "Pods/Target Support Files/Pods-DemoTestSetting/Pods-DemoTestSetting.release.xcconfig"; sourceTree = "<group>"; };
		AC7606A399E1A3E480797E95 /* Pods-DemoTestSettingTests.debug.xcconfig */ = {isa = PBXFileReference; includeInIndex = 1; lastKnownFileType = text.xcconfig; name = "Pods-DemoTestSettingTests.debug.xcconfig"; path = "Pods/Target Support Files/Pods-DemoTestSettingTests/Pods-DemoTestSettingTests.debug.xcconfig"; sourceTree = "<group>"; };
		CC2C5B772164DF2900269AC0 /* DemoTestSetting.app */ = {isa = PBXFileReference; explicitFileType = wrapper.application; includeInIndex = 0; path = DemoTestSetting.app; sourceTree = BUILT_PRODUCTS_DIR; };
		CC2C5B7A2164DF2900269AC0 /* AppDelegate.h */ = {isa = PBXFileReference; lastKnownFileType = sourcecode.c.h; path = AppDelegate.h; sourceTree = "<group>"; };
		CC2C5B7B2164DF2900269AC0 /* AppDelegate.m */ = {isa = PBXFileReference; lastKnownFileType = sourcecode.c.objc; path = AppDelegate.m; sourceTree = "<group>"; };
		CC2C5B7D2164DF2900269AC0 /* ViewController.h */ = {isa = PBXFileReference; lastKnownFileType = sourcecode.c.h; path = ViewController.h; sourceTree = "<group>"; };
		CC2C5B7E2164DF2900269AC0 /* ViewController.m */ = {isa = PBXFileReference; lastKnownFileType = sourcecode.c.objc; path = ViewController.m; sourceTree = "<group>"; };
		CC2C5B812164DF2900269AC0 /* Base */ = {isa = PBXFileReference; lastKnownFileType = file.storyboard; name = Base; path = Base.lproj/Main.storyboard; sourceTree = "<group>"; };
		CC2C5B832164DF2A00269AC0 /* Assets.xcassets */ = {isa = PBXFileReference; lastKnownFileType = folder.assetcatalog; path = Assets.xcassets; sourceTree = "<group>"; };
		CC2C5B862164DF2A00269AC0 /* Base */ = {isa = PBXFileReference; lastKnownFileType = file.storyboard; name = Base; path = Base.lproj/LaunchScreen.storyboard; sourceTree = "<group>"; };
		CC2C5B882164DF2A00269AC0 /* Info.plist */ = {isa = PBXFileReference; lastKnownFileType = text.plist.xml; path = Info.plist; sourceTree = "<group>"; };
		CC2C5B892164DF2A00269AC0 /* main.m */ = {isa = PBXFileReference; lastKnownFileType = sourcecode.c.objc; path = main.m; sourceTree = "<group>"; };
		CC2C5B8F2164DF2A00269AC0 /* DemoTestSettingTests.xctest */ = {isa = PBXFileReference; explicitFileType = wrapper.cfbundle; includeInIndex = 0; path = DemoTestSettingTests.xctest; sourceTree = BUILT_PRODUCTS_DIR; };
		CC2C5B932164DF2A00269AC0 /* DemoTestSettingTests.m */ = {isa = PBXFileReference; lastKnownFileType = sourcecode.c.objc; path = DemoTestSettingTests.m; sourceTree = "<group>"; };
		CC2C5B952164DF2A00269AC0 /* Info.plist */ = {isa = PBXFileReference; lastKnownFileType = text.plist.xml; path = Info.plist; sourceTree = "<group>"; };
		CC2C5B9A2164DF2A00269AC0 /* DemoTestSettingUITests.xctest */ = {isa = PBXFileReference; explicitFileType = wrapper.cfbundle; includeInIndex = 0; path = DemoTestSettingUITests.xctest; sourceTree = BUILT_PRODUCTS_DIR; };
		CC2C5B9E2164DF2A00269AC0 /* DemoTestSettingUITests.m */ = {isa = PBXFileReference; lastKnownFileType = sourcecode.c.objc; path = DemoTestSettingUITests.m; sourceTree = "<group>"; };
		CC2C5BA02164DF2A00269AC0 /* Info.plist */ = {isa = PBXFileReference; lastKnownFileType = text.plist.xml; path = Info.plist; sourceTree = "<group>"; };
/* End PBXFileReference section */

/* Begin PBXFrameworksBuildPhase section */
		CC2C5B742164DF2900269AC0 /* Frameworks */ = {
			isa = PBXFrameworksBuildPhase;
			buildActionMask = 2147483647;
			files = (
				F8DF620AFF837F5E1D87EC63 /* libPods-DemoTestSetting.a in Frameworks */,
			);
			runOnlyForDeploymentPostprocessing = 0;
		};
		CC2C5B8C2164DF2A00269AC0 /* Frameworks */ = {
			isa = PBXFrameworksBuildPhase;
			buildActionMask = 2147483647;
			files = (
				80907787EBA5C7EF157EC243 /* libPods-DemoTestSettingTests.a in Frameworks */,
			);
			runOnlyForDeploymentPostprocessing = 0;
		};
		CC2C5B972164DF2A00269AC0 /* Frameworks */ = {
			isa = PBXFrameworksBuildPhase;
			buildActionMask = 2147483647;
			files = (
				9150B59A9FF6255784808F5B /* libPods-DemoTestSettingUITests.a in Frameworks */,
			);
			runOnlyForDeploymentPostprocessing = 0;
		};
/* End PBXFrameworksBuildPhase section */

/* Begin PBXGroup section */
		AB3021F0ED35CA7DF7DBF49A /* Pods */ = {
			isa = PBXGroup;
			children = (
				83635517039E42894D2FF042 /* Pods-DemoTestSetting.debug.xcconfig */,
				A2626961417A74462C690BD3 /* Pods-DemoTestSetting.release.xcconfig */,
				AC7606A399E1A3E480797E95 /* Pods-DemoTestSettingTests.debug.xcconfig */,
				936C556BA6A7CB90707BB1B1 /* Pods-DemoTestSettingTests.release.xcconfig */,
				66A6AB35948AFDFA3493BD31 /* Pods-DemoTestSettingUITests.debug.xcconfig */,
				6C0437F8B13CA455014F479D /* Pods-DemoTestSettingUITests.release.xcconfig */,
			);
			name = Pods;
			sourceTree = "<group>";
		};
		CC2C5B6E2164DF2900269AC0 = {
			isa = PBXGroup;
			children = (
				CC2C5B792164DF2900269AC0 /* DemoTestSetting */,
				CC2C5B922164DF2A00269AC0 /* DemoTestSettingTests */,
				CC2C5B9D2164DF2A00269AC0 /* DemoTestSettingUITests */,
				CC2C5B782164DF2900269AC0 /* Products */,
				AB3021F0ED35CA7DF7DBF49A /* Pods */,
				EF3F3C75809D47F27FD5F4DF /* Frameworks */,
			);
			sourceTree = "<group>";
		};
		CC2C5B782164DF2900269AC0 /* Products */ = {
			isa = PBXGroup;
			children = (
				CC2C5B772164DF2900269AC0 /* DemoTestSetting.app */,
				CC2C5B8F2164DF2A00269AC0 /* DemoTestSettingTests.xctest */,
				CC2C5B9A2164DF2A00269AC0 /* DemoTestSettingUITests.xctest */,
			);
			name = Products;
			sourceTree = "<group>";
		};
		CC2C5B792164DF2900269AC0 /* DemoTestSetting */ = {
			isa = PBXGroup;
			children = (
				CC2C5B7A2164DF2900269AC0 /* AppDelegate.h */,
				CC2C5B7B2164DF2900269AC0 /* AppDelegate.m */,
				CC2C5B7D2164DF2900269AC0 /* ViewController.h */,
				CC2C5B7E2164DF2900269AC0 /* ViewController.m */,
				CC2C5B802164DF2900269AC0 /* Main.storyboard */,
				CC2C5B832164DF2A00269AC0 /* Assets.xcassets */,
				CC2C5B852164DF2A00269AC0 /* LaunchScreen.storyboard */,
				CC2C5B882164DF2A00269AC0 /* Info.plist */,
				CC2C5B892164DF2A00269AC0 /* main.m */,
			);
			path = DemoTestSetting;
			sourceTree = "<group>";
		};
		CC2C5B922164DF2A00269AC0 /* DemoTestSettingTests */ = {
			isa = PBXGroup;
			children = (
				CC2C5B932164DF2A00269AC0 /* DemoTestSettingTests.m */,
				CC2C5B952164DF2A00269AC0 /* Info.plist */,
			);
			path = DemoTestSettingTests;
			sourceTree = "<group>";
		};
		CC2C5B9D2164DF2A00269AC0 /* DemoTestSettingUITests */ = {
			isa = PBXGroup;
			children = (
				CC2C5B9E2164DF2A00269AC0 /* DemoTestSettingUITests.m */,
				CC2C5BA02164DF2A00269AC0 /* Info.plist */,
			);
			path = DemoTestSettingUITests;
			sourceTree = "<group>";
		};
		EF3F3C75809D47F27FD5F4DF /* Frameworks */ = {
			isa = PBXGroup;
			children = (
				28A2685D18DF409DEE616706 /* libPods-DemoTestSetting.a */,
				10F1C410AFBFB1AFB4887918 /* libPods-DemoTestSettingTests.a */,
				492908B2AEC78647B12E0D21 /* libPods-DemoTestSettingUITests.a */,
			);
			name = Frameworks;
			sourceTree = "<group>";
		};
/* End PBXGroup section */

/* Begin PBXNativeTarget section */
		CC2C5B762164DF2900269AC0 /* DemoTestSetting */ = {
			isa = PBXNativeTarget;
			buildConfigurationList = CC2C5BA32164DF2A00269AC0 /* Build configuration list for PBXNativeTarget "DemoTestSetting" */;
			buildPhases = (
				83BAB4A3BB55887DE7FE7BCE /* [CP] Check Pods Manifest.lock */,
				CC2C5B732164DF2900269AC0 /* Sources */,
				CC2C5B742164DF2900269AC0 /* Frameworks */,
				CC2C5B752164DF2900269AC0 /* Resources */,
			);
			buildRules = (
			);
			dependencies = (
			);
			name = DemoTestSetting;
			productName = DemoTestSetting;
			productReference = CC2C5B772164DF2900269AC0 /* DemoTestSetting.app */;
			productType = "com.apple.product-type.application";
		};
		CC2C5B8E2164DF2A00269AC0 /* DemoTestSettingTests */ = {
			isa = PBXNativeTarget;
			buildConfigurationList = CC2C5BA62164DF2A00269AC0 /* Build configuration list for PBXNativeTarget "DemoTestSettingTests" */;
			buildPhases = (
				4E9D7C6BD293FE815C54CC4D /* [CP] Check Pods Manifest.lock */,
				CC2C5B8B2164DF2A00269AC0 /* Sources */,
				CC2C5B8C2164DF2A00269AC0 /* Frameworks */,
				CC2C5B8D2164DF2A00269AC0 /* Resources */,
			);
			buildRules = (
			);
			dependencies = (
				CC2C5B912164DF2A00269AC0 /* PBXTargetDependency */,
			);
			name = DemoTestSettingTests;
			productName = DemoTestSettingTests;
			productReference = CC2C5B8F2164DF2A00269AC0 /* DemoTestSettingTests.xctest */;
			productType = "com.apple.product-type.bundle.unit-test";
		};
		CC2C5B992164DF2A00269AC0 /* DemoTestSettingUITests */ = {
			isa = PBXNativeTarget;
			buildConfigurationList = CC2C5BA92164DF2A00269AC0 /* Build configuration list for PBXNativeTarget "DemoTestSettingUITests" */;
			buildPhases = (
				DFEFE55333611535347ABA92 /* [CP] Check Pods Manifest.lock */,
				CC2C5B962164DF2A00269AC0 /* Sources */,
				CC2C5B972164DF2A00269AC0 /* Frameworks */,
				CC2C5B982164DF2A00269AC0 /* Resources */,
			);
			buildRules = (
			);
			dependencies = (
				CC2C5B9C2164DF2A00269AC0 /* PBXTargetDependency */,
			);
			name = DemoTestSettingUITests;
			productName = DemoTestSettingUITests;
			productReference = CC2C5B9A2164DF2A00269AC0 /* DemoTestSettingUITests.xctest */;
			productType = "com.apple.product-type.bundle.ui-testing";
		};
/* End PBXNativeTarget section */

/* Begin PBXProject section */
		CC2C5B6F2164DF2900269AC0 /* Project object */ = {
			isa = PBXProject;
			attributes = {
				LastUpgradeCheck = 1000;
				ORGANIZATIONNAME = Gu;
				TargetAttributes = {
					CC2C5B762164DF2900269AC0 = {
						CreatedOnToolsVersion = 10.0;
					};
					CC2C5B8E2164DF2A00269AC0 = {
						CreatedOnToolsVersion = 10.0;
						TestTargetID = CC2C5B762164DF2900269AC0;
					};
					CC2C5B992164DF2A00269AC0 = {
						CreatedOnToolsVersion = 10.0;
						TestTargetID = CC2C5B762164DF2900269AC0;
					};
				};
			};
			buildConfigurationList = CC2C5B722164DF2900269AC0 /* Build configuration list for PBXProject "DemoTestSetting" */;
			compatibilityVersion = "Xcode 9.3";
			developmentRegion = en;
			hasScannedForEncodings = 0;
			knownRegions = (
				en,
				Base,
			);
			mainGroup = CC2C5B6E2164DF2900269AC0;
			productRefGroup = CC2C5B782164DF2900269AC0 /* Products */;
			projectDirPath = "";
			projectRoot = "";
			targets = (
				CC2C5B762164DF2900269AC0 /* DemoTestSetting */,
				CC2C5B8E2164DF2A00269AC0 /* DemoTestSettingTests */,
				CC2C5B992164DF2A00269AC0 /* DemoTestSettingUITests */,
			);
		};
/* End PBXProject section */

/* Begin PBXResourcesBuildPhase section */
		CC2C5B752164DF2900269AC0 /* Resources */ = {
			isa = PBXResourcesBuildPhase;
			buildActionMask = 2147483647;
			files = (
				CC2C5B872164DF2A00269AC0 /* LaunchScreen.storyboard in Resources */,
				CC2C5B842164DF2A00269AC0 /* Assets.xcassets in Resources */,
				CC2C5B822164DF2900269AC0 /* Main.storyboard in Resources */,
			);
			runOnlyForDeploymentPostprocessing = 0;
		};
		CC2C5B8D2164DF2A00269AC0 /* Resources */ = {
			isa = PBXResourcesBuildPhase;
			buildActionMask = 2147483647;
			files = (
			);
			runOnlyForDeploymentPostprocessing = 0;
		};
		CC2C5B982164DF2A00269AC0 /* Resources */ = {
			isa = PBXResourcesBuildPhase;
			buildActionMask = 2147483647;
			files = (
			);
			runOnlyForDeploymentPostprocessing = 0;
		};
/* End PBXResourcesBuildPhase section */

/* Begin PBXShellScriptBuildPhase section */
		4E9D7C6BD293FE815C54CC4D /* [CP] Check Pods Manifest.lock */ = {
			isa = PBXShellScriptBuildPhase;
			buildActionMask = 2147483647;
			files = (
			);
			inputFileListPaths = (
			);
			inputPaths = (
				"${PODS_PODFILE_DIR_PATH}/Podfile.lock",
				"${PODS_ROOT}/Manifest.lock",
			);
			name = "[CP] Check Pods Manifest.lock";
			outputFileListPaths = (
			);
			outputPaths = (
				"$(DERIVED_FILE_DIR)/Pods-DemoTestSettingTests-checkManifestLockResult.txt",
			);
			runOnlyForDeploymentPostprocessing = 0;
			shellPath = /bin/sh;
			shellScript = "diff \"${PODS_PODFILE_DIR_PATH}/Podfile.lock\" \"${PODS_ROOT}/Manifest.lock\" > /dev/null\nif [ $? != 0 ] ; then\n    # print error to STDERR\n    echo \"error: The sandbox is not in sync with the Podfile.lock. Run 'pod install' or update your CocoaPods installation.\" >&2\n    exit 1\nfi\n# This output is used by Xcode 'outputs' to avoid re-running this script phase.\necho \"SUCCESS\" > \"${SCRIPT_OUTPUT_FILE_0}\"\n";
			showEnvVarsInLog = 0;
		};
		83BAB4A3BB55887DE7FE7BCE /* [CP] Check Pods Manifest.lock */ = {
			isa = PBXShellScriptBuildPhase;
			buildActionMask = 2147483647;
			files = (
			);
			inputFileListPaths = (
			);
			inputPaths = (
				"${PODS_PODFILE_DIR_PATH}/Podfile.lock",
				"${PODS_ROOT}/Manifest.lock",
			);
			name = "[CP] Check Pods Manifest.lock";
			outputFileListPaths = (
			);
			outputPaths = (
				"$(DERIVED_FILE_DIR)/Pods-DemoTestSetting-checkManifestLockResult.txt",
			);
			runOnlyForDeploymentPostprocessing = 0;
			shellPath = /bin/sh;
			shellScript = "diff \"${PODS_PODFILE_DIR_PATH}/Podfile.lock\" \"${PODS_ROOT}/Manifest.lock\" > /dev/null\nif [ $? != 0 ] ; then\n    # print error to STDERR\n    echo \"error: The sandbox is not in sync with the Podfile.lock. Run 'pod install' or update your CocoaPods installation.\" >&2\n    exit 1\nfi\n# This output is used by Xcode 'outputs' to avoid re-running this script phase.\necho \"SUCCESS\" > \"${SCRIPT_OUTPUT_FILE_0}\"\n";
			showEnvVarsInLog = 0;
		};
		DFEFE55333611535347ABA92 /* [CP] Check Pods Manifest.lock */ = {
			isa = PBXShellScriptBuildPhase;
			buildActionMask = 2147483647;
			files = (
			);
			inputFileListPaths = (
			);
			inputPaths = (
				"${PODS_PODFILE_DIR_PATH}/Podfile.lock",
				"${PODS_ROOT}/Manifest.lock",
			);
			name = "[CP] Check Pods Manifest.lock";
			outputFileListPaths = (
			);
			outputPaths = (
				"$(DERIVED_FILE_DIR)/Pods-DemoTestSettingUITests-checkManifestLockResult.txt",
			);
			runOnlyForDeploymentPostprocessing = 0;
			shellPath = /bin/sh;
			shellScript = "diff \"${PODS_PODFILE_DIR_PATH}/Podfile.lock\" \"${PODS_ROOT}/Manifest.lock\" > /dev/null\nif [ $? != 0 ] ; then\n    # print error to STDERR\n    echo \"error: The sandbox is not in sync with the Podfile.lock. Run 'pod install' or update your CocoaPods installation.\" >&2\n    exit 1\nfi\n# This output is used by Xcode 'outputs' to avoid re-running this script phase.\necho \"SUCCESS\" > \"${SCRIPT_OUTPUT_FILE_0}\"\n";
			showEnvVarsInLog = 0;
		};
/* End PBXShellScriptBuildPhase section */

/* Begin PBXSourcesBuildPhase section */
		CC2C5B732164DF2900269AC0 /* Sources */ = {
			isa = PBXSourcesBuildPhase;
			buildActionMask = 2147483647;
			files = (
				CC2C5B7F2164DF2900269AC0 /* ViewController.m in Sources */,
				CC2C5B8A2164DF2A00269AC0 /* main.m in Sources */,
				CC2C5B7C2164DF2900269AC0 /* AppDelegate.m in Sources */,
			);
			runOnlyForDeploymentPostprocessing = 0;
		};
		CC2C5B8B2164DF2A00269AC0 /* Sources */ = {
			isa = PBXSourcesBuildPhase;
			buildActionMask = 2147483647;
			files = (
				CC2C5B942164DF2A00269AC0 /* DemoTestSettingTests.m in Sources */,
			);
			runOnlyForDeploymentPostprocessing = 0;
		};
		CC2C5B962164DF2A00269AC0 /* Sources */ = {
			isa = PBXSourcesBuildPhase;
			buildActionMask = 2147483647;
			files = (
				CC2C5B9F2164DF2A00269AC0 /* DemoTestSettingUITests.m in Sources */,
			);
			runOnlyForDeploymentPostprocessing = 0;
		};
/* End PBXSourcesBuildPhase section */

/* Begin PBXTargetDependency section */
		CC2C5B912164DF2A00269AC0 /* PBXTargetDependency */ = {
			isa = PBXTargetDependency;
			target = CC2C5B762164DF2900269AC0 /* DemoTestSetting */;
			targetProxy = CC2C5B902164DF2A00269AC0 /* PBXContainerItemProxy */;
		};
		CC2C5B9C2164DF2A00269AC0 /* PBXTargetDependency */ = {
			isa = PBXTargetDependency;
			target = CC2C5B762164DF2900269AC0 /* DemoTestSetting */;
			targetProxy = CC2C5B9B2164DF2A00269AC0 /* PBXContainerItemProxy */;
		};
/* End PBXTargetDependency section */

/* Begin PBXVariantGroup section */
		CC2C5B802164DF2900269AC0 /* Main.storyboard */ = {
			isa = PBXVariantGroup;
			children = (
				CC2C5B812164DF2900269AC0 /* Base */,
			);
			name = Main.storyboard;
			sourceTree = "<group>";
		};
		CC2C5B852164DF2A00269AC0 /* LaunchScreen.storyboard */ = {
			isa = PBXVariantGroup;
			children = (
				CC2C5B862164DF2A00269AC0 /* Base */,
			);
			name = LaunchScreen.storyboard;
			sourceTree = "<group>";
		};
/* End PBXVariantGroup section */

/* Begin XCBuildConfiguration section */
		CC2C5BA12164DF2A00269AC0 /* Debug */ = {
			isa = XCBuildConfiguration;
			buildSettings = {
				ALWAYS_SEARCH_USER_PATHS = NO;
				CLANG_ANALYZER_NONNULL = YES;
				CLANG_ANALYZER_NUMBER_OBJECT_CONVERSION = YES_AGGRESSIVE;
				CLANG_CXX_LANGUAGE_STANDARD = "gnu++14";
				CLANG_CXX_LIBRARY = "libc++";
				CLANG_ENABLE_MODULES = YES;
				CLANG_ENABLE_OBJC_ARC = YES;
				CLANG_ENABLE_OBJC_WEAK = YES;
				CLANG_WARN_BLOCK_CAPTURE_AUTORELEASING = YES;
				CLANG_WARN_BOOL_CONVERSION = YES;
				CLANG_WARN_COMMA = YES;
				CLANG_WARN_CONSTANT_CONVERSION = YES;
				CLANG_WARN_DEPRECATED_OBJC_IMPLEMENTATIONS = YES;
				CLANG_WARN_DIRECT_OBJC_ISA_USAGE = YES_ERROR;
				CLANG_WARN_DOCUMENTATION_COMMENTS = YES;
				CLANG_WARN_EMPTY_BODY = YES;
				CLANG_WARN_ENUM_CONVERSION = YES;
				CLANG_WARN_INFINITE_RECURSION = YES;
				CLANG_WARN_INT_CONVERSION = YES;
				CLANG_WARN_NON_LITERAL_NULL_CONVERSION = YES;
				CLANG_WARN_OBJC_IMPLICIT_RETAIN_SELF = YES;
				CLANG_WARN_OBJC_LITERAL_CONVERSION = YES;
				CLANG_WARN_OBJC_ROOT_CLASS = YES_ERROR;
				CLANG_WARN_RANGE_LOOP_ANALYSIS = YES;
				CLANG_WARN_STRICT_PROTOTYPES = YES;
				CLANG_WARN_SUSPICIOUS_MOVE = YES;
				CLANG_WARN_UNGUARDED_AVAILABILITY = YES_AGGRESSIVE;
				CLANG_WARN_UNREACHABLE_CODE = YES;
				CLANG_WARN__DUPLICATE_METHOD_MATCH = YES;
				CODE_SIGN_IDENTITY = "iPhone Developer";
				COPY_PHASE_STRIP = NO;
				DEBUG_INFORMATION_FORMAT = dwarf;
				ENABLE_STRICT_OBJC_MSGSEND = YES;
				ENABLE_TESTABILITY = YES;
				GCC_C_LANGUAGE_STANDARD = gnu11;
				GCC_DYNAMIC_NO_PIC = NO;
				GCC_NO_COMMON_BLOCKS = YES;
				GCC_OPTIMIZATION_LEVEL = 0;
				GCC_PREPROCESSOR_DEFINITIONS = (
					"DEBUG=1",
					"$(inherited)",
				);
				GCC_WARN_64_TO_32_BIT_CONVERSION = YES;
				GCC_WARN_ABOUT_RETURN_TYPE = YES_ERROR;
				GCC_WARN_UNDECLARED_SELECTOR = YES;
				GCC_WARN_UNINITIALIZED_AUTOS = YES_AGGRESSIVE;
				GCC_WARN_UNUSED_FUNCTION = YES;
				GCC_WARN_UNUSED_VARIABLE = YES;
				IPHONEOS_DEPLOYMENT_TARGET = 12.0;
				MTL_ENABLE_DEBUG_INFO = INCLUDE_SOURCE;
				MTL_FAST_MATH = YES;
				ONLY_ACTIVE_ARCH = YES;
				SDKROOT = iphoneos;
			};
			name = Debug;
		};
		CC2C5BA22164DF2A00269AC0 /* Release */ = {
			isa = XCBuildConfiguration;
			buildSettings = {
				ALWAYS_SEARCH_USER_PATHS = NO;
				CLANG_ANALYZER_NONNULL = YES;
				CLANG_ANALYZER_NUMBER_OBJECT_CONVERSION = YES_AGGRESSIVE;
				CLANG_CXX_LANGUAGE_STANDARD = "gnu++14";
				CLANG_CXX_LIBRARY = "libc++";
				CLANG_ENABLE_MODULES = YES;
				CLANG_ENABLE_OBJC_ARC = YES;
				CLANG_ENABLE_OBJC_WEAK = YES;
				CLANG_WARN_BLOCK_CAPTURE_AUTORELEASING = YES;
				CLANG_WARN_BOOL_CONVERSION = YES;
				CLANG_WARN_COMMA = YES;
				CLANG_WARN_CONSTANT_CONVERSION = YES;
				CLANG_WARN_DEPRECATED_OBJC_IMPLEMENTATIONS = YES;
				CLANG_WARN_DIRECT_OBJC_ISA_USAGE = YES_ERROR;
				CLANG_WARN_DOCUMENTATION_COMMENTS = YES;
				CLANG_WARN_EMPTY_BODY = YES;
				CLANG_WARN_ENUM_CONVERSION = YES;
				CLANG_WARN_INFINITE_RECURSION = YES;
				CLANG_WARN_INT_CONVERSION = YES;
				CLANG_WARN_NON_LITERAL_NULL_CONVERSION = YES;
				CLANG_WARN_OBJC_IMPLICIT_RETAIN_SELF = YES;
				CLANG_WARN_OBJC_LITERAL_CONVERSION = YES;
				CLANG_WARN_OBJC_ROOT_CLASS = YES_ERROR;
				CLANG_WARN_RANGE_LOOP_ANALYSIS = YES;
				CLANG_WARN_STRICT_PROTOTYPES = YES;
				CLANG_WARN_SUSPICIOUS_MOVE = YES;
				CLANG_WARN_UNGUARDED_AVAILABILITY = YES_AGGRESSIVE;
				CLANG_WARN_UNREACHABLE_CODE = YES;
				CLANG_WARN__DUPLICATE_METHOD_MATCH = YES;
				CODE_SIGN_IDENTITY = "iPhone Developer";
				COPY_PHASE_STRIP = NO;
				DEBUG_INFORMATION_FORMAT = "dwarf-with-dsym";
				ENABLE_NS_ASSERTIONS = NO;
				ENABLE_STRICT_OBJC_MSGSEND = YES;
				GCC_C_LANGUAGE_STANDARD = gnu11;
				GCC_NO_COMMON_BLOCKS = YES;
				GCC_WARN_64_TO_32_BIT_CONVERSION = YES;
				GCC_WARN_ABOUT_RETURN_TYPE = YES_ERROR;
				GCC_WARN_UNDECLARED_SELECTOR = YES;
				GCC_WARN_UNINITIALIZED_AUTOS = YES_AGGRESSIVE;
				GCC_WARN_UNUSED_FUNCTION = YES;
				GCC_WARN_UNUSED_VARIABLE = YES;
				IPHONEOS_DEPLOYMENT_TARGET = 12.0;
				MTL_ENABLE_DEBUG_INFO = NO;
				MTL_FAST_MATH = YES;
				SDKROOT = iphoneos;
				VALIDATE_PRODUCT = YES;
			};
			name = Release;
		};
		CC2C5BA42164DF2A00269AC0 /* Debug */ = {
			isa = XCBuildConfiguration;
			baseConfigurationReference = 83635517039E42894D2FF042 /* Pods-DemoTestSetting.debug.xcconfig */;
			buildSettings = {
				ASSETCATALOG_COMPILER_APPICON_NAME = AppIcon;
				CODE_SIGN_STYLE = Automatic;
				DEVELOPMENT_TEAM = UMRACKG926;
				INFOPLIST_FILE = DemoTestSetting/Info.plist;
				IPHONEOS_DEPLOYMENT_TARGET = 10.1;
				LD_RUNPATH_SEARCH_PATHS = (
					"$(inherited)",
					"@executable_path/Frameworks",
				);
				PRODUCT_BUNDLE_IDENTIFIER = Gu.DemoTestSetting;
				PRODUCT_NAME = "$(TARGET_NAME)";
				TARGETED_DEVICE_FAMILY = "1,2";
			};
			name = Debug;
		};
		CC2C5BA52164DF2A00269AC0 /* Release */ = {
			isa = XCBuildConfiguration;
			baseConfigurationReference = A2626961417A74462C690BD3 /* Pods-DemoTestSetting.release.xcconfig */;
			buildSettings = {
				ASSETCATALOG_COMPILER_APPICON_NAME = AppIcon;
				CODE_SIGN_STYLE = Automatic;
				DEVELOPMENT_TEAM = UMRACKG926;
				INFOPLIST_FILE = DemoTestSetting/Info.plist;
				IPHONEOS_DEPLOYMENT_TARGET = 10.1;
				LD_RUNPATH_SEARCH_PATHS = (
					"$(inherited)",
					"@executable_path/Frameworks",
				);
				PRODUCT_BUNDLE_IDENTIFIER = Gu.DemoTestSetting;
				PRODUCT_NAME = "$(TARGET_NAME)";
				TARGETED_DEVICE_FAMILY = "1,2";
			};
			name = Release;
		};
		CC2C5BA72164DF2A00269AC0 /* Debug */ = {
			isa = XCBuildConfiguration;
			baseConfigurationReference = AC7606A399E1A3E480797E95 /* Pods-DemoTestSettingTests.debug.xcconfig */;
			buildSettings = {
				BUNDLE_LOADER = "$(TEST_HOST)";
				CODE_SIGN_STYLE = Automatic;
				DEVELOPMENT_TEAM = UMRACKG926;
				INFOPLIST_FILE = DemoTestSettingTests/Info.plist;
				LD_RUNPATH_SEARCH_PATHS = (
					"$(inherited)",
					"@executable_path/Frameworks",
					"@loader_path/Frameworks",
				);
				PRODUCT_BUNDLE_IDENTIFIER = Gu.DemoTestSettingTests;
				PRODUCT_NAME = "$(TARGET_NAME)";
				TARGETED_DEVICE_FAMILY = "1,2";
				TEST_HOST = "$(BUILT_PRODUCTS_DIR)/DemoTestSetting.app/DemoTestSetting";
			};
			name = Debug;
		};
		CC2C5BA82164DF2A00269AC0 /* Release */ = {
			isa = XCBuildConfiguration;
			baseConfigurationReference = 936C556BA6A7CB90707BB1B1 /* Pods-DemoTestSettingTests.release.xcconfig */;
			buildSettings = {
				BUNDLE_LOADER = "$(TEST_HOST)";
				CODE_SIGN_STYLE = Automatic;
				DEVELOPMENT_TEAM = UMRACKG926;
				INFOPLIST_FILE = DemoTestSettingTests/Info.plist;
				LD_RUNPATH_SEARCH_PATHS = (
					"$(inherited)",
					"@executable_path/Frameworks",
					"@loader_path/Frameworks",
				);
				PRODUCT_BUNDLE_IDENTIFIER = Gu.DemoTestSettingTests;
				PRODUCT_NAME = "$(TARGET_NAME)";
				TARGETED_DEVICE_FAMILY = "1,2";
				TEST_HOST = "$(BUILT_PRODUCTS_DIR)/DemoTestSetting.app/DemoTestSetting";
			};
			name = Release;
		};
		CC2C5BAA2164DF2A00269AC0 /* Debug */ = {
			isa = XCBuildConfiguration;
			baseConfigurationReference = 66A6AB35948AFDFA3493BD31 /* Pods-DemoTestSettingUITests.debug.xcconfig */;
			buildSettings = {
				CODE_SIGN_STYLE = Automatic;
				DEVELOPMENT_TEAM = UMRACKG926;
				INFOPLIST_FILE = DemoTestSettingUITests/Info.plist;
				LD_RUNPATH_SEARCH_PATHS = (
					"$(inherited)",
					"@executable_path/Frameworks",
					"@loader_path/Frameworks",
				);
				PRODUCT_BUNDLE_IDENTIFIER = Gu.DemoTestSettingUITests;
				PRODUCT_NAME = "$(TARGET_NAME)";
				TARGETED_DEVICE_FAMILY = "1,2";
				TEST_TARGET_NAME = DemoTestSetting;
			};
			name = Debug;
		};
		CC2C5BAB2164DF2A00269AC0 /* Release */ = {
			isa = XCBuildConfiguration;
			baseConfigurationReference = 6C0437F8B13CA455014F479D /* Pods-DemoTestSettingUITests.release.xcconfig */;
			buildSettings = {
				CODE_SIGN_STYLE = Automatic;
				DEVELOPMENT_TEAM = UMRACKG926;
				INFOPLIST_FILE = DemoTestSettingUITests/Info.plist;
				LD_RUNPATH_SEARCH_PATHS = (
					"$(inherited)",
					"@executable_path/Frameworks",
					"@loader_path/Frameworks",
				);
				PRODUCT_BUNDLE_IDENTIFIER = Gu.DemoTestSettingUITests;
				PRODUCT_NAME = "$(TARGET_NAME)";
				TARGETED_DEVICE_FAMILY = "1,2";
				TEST_TARGET_NAME = DemoTestSetting;
			};
			name = Release;
		};
/* End XCBuildConfiguration section */

/* Begin XCConfigurationList section */
		CC2C5B722164DF2900269AC0 /* Build configuration list for PBXProject "DemoTestSetting" */ = {
			isa = XCConfigurationList;
			buildConfigurations = (
				CC2C5BA12164DF2A00269AC0 /* Debug */,
				CC2C5BA22164DF2A00269AC0 /* Release */,
			);
			defaultConfigurationIsVisible = 0;
			defaultConfigurationName = Release;
		};
		CC2C5BA32164DF2A00269AC0 /* Build configuration list for PBXNativeTarget "DemoTestSetting" */ = {
			isa = XCConfigurationList;
			buildConfigurations = (
				CC2C5BA42164DF2A00269AC0 /* Debug */,
				CC2C5BA52164DF2A00269AC0 /* Release */,
			);
			defaultConfigurationIsVisible = 0;
			defaultConfigurationName = Release;
		};
		CC2C5BA62164DF2A00269AC0 /* Build configuration list for PBXNativeTarget "DemoTestSettingTests" */ = {
			isa = XCConfigurationList;
			buildConfigurations = (
				CC2C5BA72164DF2A00269AC0 /* Debug */,
				CC2C5BA82164DF2A00269AC0 /* Release */,
			);
			defaultConfigurationIsVisible = 0;
			defaultConfigurationName = Release;
		};
		CC2C5BA92164DF2A00269AC0 /* Build configuration list for PBXNativeTarget "DemoTestSettingUITests" */ = {
			isa = XCConfigurationList;
			buildConfigurations = (
				CC2C5BAA2164DF2A00269AC0 /* Debug */,
				CC2C5BAB2164DF2A00269AC0 /* Release */,
			);
			defaultConfigurationIsVisible = 0;
			defaultConfigurationName = Release;
		};
/* End XCConfigurationList section */
	};
	rootObject = CC2C5B6F2164DF2900269AC0 /* Project object */;
}
